
Microsoft Visual Studio Solution File, Format Version 12.00
# Visual Studio 2013
VisualStudioVersion = 12.0.21005.1
MinimumVisualStudioVersion = 10.0.40219.1
Project("{FAE04EC0-301F-11D3-BF4B-00C04F79EFBC}") = "Website 1", "Website 1\Website 1.csproj", "{81BCEF7B-99EF-4B04-8513-74F71F9F69FB}"
EndProject
Global
	GlobalSection(SolutionConfigurationPlatforms) = preSolution
		Debug|Any CPU = Debug|Any CPU
		Release|Any CPU = Release|Any CPU
	EndGlobalSection
	GlobalSection(ProjectConfigurationPlatforms) = postSolution
		{81BCEF7B-99EF-4B04-8513-74F71F9F69FB}.Debug|Any CPU.ActiveCfg = Debug|Any CPU
		{81BCEF7B-99EF-4B04-8513-74F71F9F69FB}.Debug|Any CPU.Build.0 = Debug|Any CPU
		{81BCEF7B-99EF-4B04-8513-74F71F9F69FB}.Release|Any CPU.ActiveCfg = Release|Any CPU
		{81BCEF7B-99EF-4B04-8513-74F71F9F69FB}.Release|Any CPU.Build.0 = Release|Any CPU
	EndGlobalSection
	GlobalSection(SolutionProperties) = preSolution
		HideSolutionNode = FALSE
	EndGlobalSection
EndGlobal
